Microsoft Visual Studio Solution File, Format Version 12.00
# Visual Studio Version 17
VisualStudioVersion = 17.0.0.0
MinimumVisualStudioVersion = 17.0.0.0

Project("{9A19103F-16F7-4668-BE54-9A1E7A4F7556}") = "SettingsTable", "SettingsTable.csproj", "{B335C4C9-5F33-479F-A995-C323A1CC105B}"
EndProject
Global
	GlobalSection(SolutionConfigurationPlatforms) = preSolution
		Debug|Any CPU = Debug|Any CPU
		Release|Any CPU = Release|Any CPU
	EndGlobalSection
	GlobalSection(ProjectConfigurationPlatforms) = postSolution
		{B335C4C9-5F33-479F-A995-C323A1CC105B}.Debug|Any CPU.ActiveCfg = Debug|Any CPU
		{B335C4C9-5F33-479F-A995-C323A1CC105B}.Debug|Any CPU.Build.0 = Debug|Any CPU
		{B335C4C9-5F33-479F-A995-C323A1CC105B}.Release|Any CPU.ActiveCfg = Release|Any CPU
		{B335C4C9-5F33-479F-A995-C323A1CC105B}.Release|Any CPU.Build.0 = Release|Any CPU
	EndGlobalSection
	GlobalSection(SolutionProperties) = preSolution
		HideSolutionNode = FALSE
	EndGlobalSection
	GlobalSection(ExtensibilityGlobals) = postSolution
		SolutionGuid = {F462F2FD-DB96-4AD2-BA20-06688D632B44}
	EndGlobalSection
EndGlobal