Microsoft Visual Studio Solution File, Format Version 12.00
# Visual Studio Version 17
VisualStudioVersion = 17.0.0.0
MinimumVisualStudioVersion = 17.0.0.0

Project("{9A19103F-16F7-4668-BE54-9A1E7A4F7556}") = "Task3", "Task3.csproj", "{83C13A22-32E9-4669-8F9F-FFD7066F4A32}"
EndProject
Global
	GlobalSection(SolutionConfigurationPlatforms) = preSolution
		Debug|Any CPU = Debug|Any CPU
		Release|Any CPU = Release|Any CPU
	EndGlobalSection
	GlobalSection(ProjectConfigurationPlatforms) = postSolution
		{83C13A22-32E9-4669-8F9F-FFD7066F4A32}.Debug|Any CPU.ActiveCfg = Debug|Any CPU
		{83C13A22-32E9-4669-8F9F-FFD7066F4A32}.Debug|Any CPU.Build.0 = Debug|Any CPU
		{83C13A22-32E9-4669-8F9F-FFD7066F4A32}.Release|Any CPU.ActiveCfg = Release|Any CPU
		{83C13A22-32E9-4669-8F9F-FFD7066F4A32}.Release|Any CPU.Build.0 = Release|Any CPU
	EndGlobalSection
	GlobalSection(SolutionProperties) = preSolution
		HideSolutionNode = FALSE
	EndGlobalSection
	GlobalSection(ExtensibilityGlobals) = postSolution
		SolutionGuid = {6440025F-65E8-4680-B5E9-4A9D35480306}
	EndGlobalSection
EndGlobal